
Microsoft Visual Studio Solution File, Format Version 12.00
# Visual Studio Version 17
VisualStudioVersion = 17.13.35825.156 d17.13
MinimumVisualStudioVersion = 10.0.40219.1
Project("{FAE04EC0-301F-11D3-BF4B-00C04F79EFBC}") = "SimpleFormsAppWithCheckedListBox", "SimpleFormsAppWithCheckedListBox\SimpleFormsAppWithCheckedListBox.csproj", "{502ABD06-0441-4B18-A560-E4F9CC1BECD0}"
EndProject
Global
	GlobalSection(SolutionConfigurationPlatforms) = preSolution
		Debug|Any CPU = Debug|Any CPU
		Release|Any CPU = Release|Any CPU
	EndGlobalSection
	GlobalSection(ProjectConfigurationPlatforms) = postSolution
		{502ABD06-0441-4B18-A560-E4F9CC1BECD0}.Debug|Any CPU.ActiveCfg = Debug|Any CPU
		{502ABD06-0441-4B18-A560-E4F9CC1BECD0}.Debug|Any CPU.Build.0 = Debug|Any CPU
		{502ABD06-0441-4B18-A560-E4F9CC1BECD0}.Release|Any CPU.ActiveCfg = Release|Any CPU
		{502ABD06-0441-4B18-A560-E4F9CC1BECD0}.Release|Any CPU.Build.0 = Release|Any CPU
	EndGlobalSection
	GlobalSection(SolutionProperties) = preSolution
		HideSolutionNode = FALSE
	EndGlobalSection
	GlobalSection(ExtensibilityGlobals) = postSolution
		SolutionGuid = {F5F456E9-38AB-4813-A297-FDEF626A84F1}
	EndGlobalSection
EndGlobal
